// !$*UTF8*$!
{
	archiveVersion = 1;
	classes = {
	};
	objectVersion = 50;
	objects = {

/* Begin PBXBuildFile section */
		6A7384E624D2009C00754F01 /* AppDelegate.m in Sources */ = {isa = PBXBuildFile; fileRef = 6A7384E524D2009C00754F01 /* AppDelegate.m */; };
		6A7384E924D2009C00754F01 /* SceneDelegate.m in Sources */ = {isa = PBXBuildFile; fileRef = 6A7384E824D2009C00754F01 /* SceneDelegate.m */; };
		6A7384EC24D2009C00754F01 /* ViewController.m in Sources */ = {isa = PBXBuildFile; fileRef = 6A7384EB24D2009C00754F01 /* ViewController.m */; };
		6A7384EF24D2009C00754F01 /* Main.storyboard in Resources */ = {isa = PBXBuildFile; fileRef = 6A7384ED24D2009C00754F01 /* Main.storyboard */; };
		6A7384F124D2009E00754F01 /* Assets.xcassets in Resources */ = {isa = PBXBuildFile; fileRef = 6A7384F024D2009E00754F01 /* Assets.xcassets */; };
		6A7384F424D2009E00754F01 /* LaunchScreen.storyboard in Resources */ = {isa = PBXBuildFile; fileRef = 6A7384F224D2009E00754F01 /* LaunchScreen.storyboard */; };
		6A7384F724D2009E00754F01 /* main.m in Sources */ = {isa = PBXBuildFile; fileRef = 6A7384F624D2009E00754F01 /* main.m */; };
		6A73850024D2021B00754F01 /* FeatureProvider.m in Sources */ = {isa = PBXBuildFile; fileRef = 6A7384FF24D2021B00754F01 /* FeatureProvider.m */; };
		6A73850424D2091100754F01 /* Feature.m in Sources */ = {isa = PBXBuildFile; fileRef = 6A73850324D2091100754F01 /* Feature.m */; };
/* End PBXBuildFile section */

/* Begin PBXFileReference section */
		6A7384E124D2009C00754F01 /* HolaIphone.app */ = {isa = PBXFileReference; explicitFileType = wrapper.application; includeInIndex = 0; path = HolaIphone.app; sourceTree = BUILT_PRODUCTS_DIR; };
		6A7384E424D2009C00754F01 /* AppDelegate.h */ = {isa = PBXFileReference; lastKnownFileType = sourcecode.c.h; path = AppDelegate.h; sourceTree = "<group>"; };
		6A7384E524D2009C00754F01 /* AppDelegate.m */ = {isa = PBXFileReference; lastKnownFileType = sourcecode.c.objc; path = AppDelegate.m; sourceTree = "<group>"; };
		6A7384E724D2009C00754F01 /* SceneDelegate.h */ = {isa = PBXFileReference; lastKnownFileType = sourcecode.c.h; path = SceneDelegate.h; sourceTree = "<group>"; };
		6A7384E824D2009C00754F01 /* SceneDelegate.m */ = {isa = PBXFileReference; lastKnownFileType = sourcecode.c.objc; path = SceneDelegate.m; sourceTree = "<group>"; };
		6A7384EA24D2009C00754F01 /* ViewController.h */ = {isa = PBXFileReference; lastKnownFileType = sourcecode.c.h; path = ViewController.h; sourceTree = "<group>"; };
		6A7384EB24D2009C00754F01 /* ViewController.m */ = {isa = PBXFileReference; lastKnownFileType = sourcecode.c.objc; path = ViewController.m; sourceTree = "<group>"; };
		6A7384EE24D2009C00754F01 /* Base */ = {isa = PBXFileReference; lastKnownFileType = file.storyboard; name = Base; path = Base.lproj/Main.storyboard; sourceTree = "<group>"; };
		6A7384F024D2009E00754F01 /* Assets.xcassets */ = {isa = PBXFileReference; lastKnownFileType = folder.assetcatalog; path = Assets.xcassets; sourceTree = "<group>"; };
		6A7384F324D2009E00754F01 /* Base */ = {isa = PBXFileReference; lastKnownFileType = file.storyboard; name = Base; path = Base.lproj/LaunchScreen.storyboard; sourceTree = "<group>"; };
		6A7384F524D2009E00754F01 /* Info.plist */ = {isa = PBXFileReference; lastKnownFileType = text.plist.xml; path = Info.plist; sourceTree = "<group>"; };
		6A7384F624D2009E00754F01 /* main.m */ = {isa = PBXFileReference; lastKnownFileType = sourcecode.c.objc; path = main.m; sourceTree = "<group>"; };
		6A7384FE24D2021B00754F01 /* FeatureProvider.h */ = {isa = PBXFileReference; lastKnownFileType = sourcecode.c.h; path = FeatureProvider.h; sourceTree = "<group>"; };
		6A7384FF24D2021B00754F01 /* FeatureProvider.m */ = {isa = PBXFileReference; lastKnownFileType = sourcecode.c.objc; path = FeatureProvider.m; sourceTree = "<group>"; };
		6A73850224D2091100754F01 /* Feature.h */ = {isa = PBXFileReference; lastKnownFileType = sourcecode.c.h; path = Feature.h; sourceTree = "<group>"; };
		6A73850324D2091100754F01 /* Feature.m */ = {isa = PBXFileReference; lastKnownFileType = sourcecode.c.objc; path = Feature.m; sourceTree = "<group>"; };
/* End PBXFileReference section */

/* Begin PBXFrameworksBuildPhase section */
		6A7384DE24D2009C00754F01 /* Frameworks */ = {
			isa = PBXFrameworksBuildPhase;
			buildActionMask = 2147483647;
			files = (
			);
			runOnlyForDeploymentPostprocessing = 0;
		};
/* End PBXFrameworksBuildPhase section */

/* Begin PBXGroup section */
		6A7384D824D2009C00754F01 = {
			isa = PBXGroup;
			children = (
				6A7384E324D2009C00754F01 /* HolaIphone */,
				6A7384E224D2009C00754F01 /* Products */,
			);
			sourceTree = "<group>";
		};
		6A7384E224D2009C00754F01 /* Products */ = {
			isa = PBXGroup;
			children = (
				6A7384E124D2009C00754F01 /* HolaIphone.app */,
			);
			name = Products;
			sourceTree = "<group>";
		};
		6A7384E324D2009C00754F01 /* HolaIphone */ = {
			isa = PBXGroup;
			children = (
				6A73850124D208D100754F01 /* Models */,
				6A7384FD24D2020300754F01 /* Modules */,
				6A7384E424D2009C00754F01 /* AppDelegate.h */,
				6A7384E524D2009C00754F01 /* AppDelegate.m */,
				6A7384E724D2009C00754F01 /* SceneDelegate.h */,
				6A7384E824D2009C00754F01 /* SceneDelegate.m */,
				6A7384EA24D2009C00754F01 /* ViewController.h */,
				6A7384EB24D2009C00754F01 /* ViewController.m */,
				6A7384ED24D2009C00754F01 /* Main.storyboard */,
				6A7384F024D2009E00754F01 /* Assets.xcassets */,
				6A7384F224D2009E00754F01 /* LaunchScreen.storyboard */,
				6A7384F524D2009E00754F01 /* Info.plist */,
				6A7384F624D2009E00754F01 /* main.m */,
			);
			path = HolaIphone;
			sourceTree = "<group>";
		};
		6A7384FD24D2020300754F01 /* Modules */ = {
			isa = PBXGroup;
			children = (
				6A7384FE24D2021B00754F01 /* FeatureProvider.h */,
				6A7384FF24D2021B00754F01 /* FeatureProvider.m */,
			);
			path = Modules;
			sourceTree = "<group>";
		};
		6A73850124D208D100754F01 /* Models */ = {
			isa = PBXGroup;
			children = (
				6A73850224D2091100754F01 /* Feature.h */,
				6A73850324D2091100754F01 /* Feature.m */,
			);
			path = Models;
			sourceTree = "<group>";
		};
/* End PBXGroup section */

/* Begin PBXNativeTarget section */
		6A7384E024D2009C00754F01 /* HolaIphone */ = {
			isa = PBXNativeTarget;
			buildConfigurationList = 6A7384FA24D2009E00754F01 /* Build configuration list for PBXNativeTarget "HolaIphone" */;
			buildPhases = (
				6A7384DD24D2009C00754F01 /* Sources */,
				6A7384DE24D2009C00754F01 /* Frameworks */,
				6A7384DF24D2009C00754F01 /* Resources */,
			);
			buildRules = (
			);
			dependencies = (
			);
			name = HolaIphone;
			productName = HolaIphone;
			productReference = 6A7384E124D2009C00754F01 /* HolaIphone.app */;
			productType = "com.apple.product-type.application";
		};
/* End PBXNativeTarget section */

/* Begin PBXProject section */
		6A7384D924D2009C00754F01 /* Project object */ = {
			isa = PBXProject;
			attributes = {
				LastUpgradeCheck = 1140;
				ORGANIZATIONNAME = "Samuel Garcia Anato";
				TargetAttributes = {
					6A7384E024D2009C00754F01 = {
						CreatedOnToolsVersion = 11.4.1;
					};
				};
			};
			buildConfigurationList = 6A7384DC24D2009C00754F01 /* Build configuration list for PBXProject "HolaIphone" */;
			compatibilityVersion = "Xcode 9.3";
			developmentRegion = en;
			hasScannedForEncodings = 0;
			knownRegions = (
				en,
				Base,
			);
			mainGroup = 6A7384D824D2009C00754F01;
			productRefGroup = 6A7384E224D2009C00754F01 /* Products */;
			projectDirPath = "";
			projectRoot = "";
			targets = (
				6A7384E024D2009C00754F01 /* HolaIphone */,
			);
		};
/* End PBXProject section */

/* Begin PBXResourcesBuildPhase section */
		6A7384DF24D2009C00754F01 /* Resources */ = {
			isa = PBXResourcesBuildPhase;
			buildActionMask = 2147483647;
			files = (
				6A7384F424D2009E00754F01 /* LaunchScreen.storyboard in Resources */,
				6A7384F124D2009E00754F01 /* Assets.xcassets in Resources */,
				6A7384EF24D2009C00754F01 /* Main.storyboard in Resources */,
			);
			runOnlyForDeploymentPostprocessing = 0;
		};
/* End PBXResourcesBuildPhase section */

/* Begin PBXSourcesBuildPhase section */
		6A7384DD24D2009C00754F01 /* Sources */ = {
			isa = PBXSourcesBuildPhase;
			buildActionMask = 2147483647;
			files = (
				6A7384EC24D2009C00754F01 /* ViewController.m in Sources */,
				6A7384E624D2009C00754F01 /* AppDelegate.m in Sources */,
				6A7384F724D2009E00754F01 /* main.m in Sources */,
				6A73850024D2021B00754F01 /* FeatureProvider.m in Sources */,
				6A73850424D2091100754F01 /* Feature.m in Sources */,
				6A7384E924D2009C00754F01 /* SceneDelegate.m in Sources */,
			);
			runOnlyForDeploymentPostprocessing = 0;
		};
/* End PBXSourcesBuildPhase section */

/* Begin PBXVariantGroup section */
		6A7384ED24D2009C00754F01 /* Main.storyboard */ = {
			isa = PBXVariantGroup;
			children = (
				6A7384EE24D2009C00754F01 /* Base */,
			);
			name = Main.storyboard;
			sourceTree = "<group>";
		};
		6A7384F224D2009E00754F01 /* LaunchScreen.storyboard */ = {
			isa = PBXVariantGroup;
			children = (
				6A7384F324D2009E00754F01 /* Base */,
			);
			name = LaunchScreen.storyboard;
			sourceTree = "<group>";
		};
/* End PBXVariantGroup section */

/* Begin XCBuildConfiguration section */
		6A7384F824D2009E00754F01 /* Debug */ = {
			isa = XCBuildConfiguration;
			buildSettings = {
				ALWAYS_SEARCH_USER_PATHS = NO;
				CLANG_ANALYZER_NONNULL = YES;
				CLANG_ANALYZER_NUMBER_OBJECT_CONVERSION = YES_AGGRESSIVE;
				CLANG_CXX_LANGUAGE_STANDARD = "gnu++14";
				CLANG_CXX_LIBRARY = "libc++";
				CLANG_ENABLE_MODULES = YES;
				CLANG_ENABLE_OBJC_ARC = YES;
				CLANG_ENABLE_OBJC_WEAK = YES;
				CLANG_WARN_BLOCK_CAPTURE_AUTORELEASING = YES;
				CLANG_WARN_BOOL_CONVERSION = YES;
				CLANG_WARN_COMMA = YES;
				CLANG_WARN_CONSTANT_CONVERSION = YES;
				CLANG_WARN_DEPRECATED_OBJC_IMPLEMENTATIONS = YES;
				CLANG_WARN_DIRECT_OBJC_ISA_USAGE = YES_ERROR;
				CLANG_WARN_DOCUMENTATION_COMMENTS = YES;
				CLANG_WARN_EMPTY_BODY = YES;
				CLANG_WARN_ENUM_CONVERSION = YES;
				CLANG_WARN_INFINITE_RECURSION = YES;
				CLANG_WARN_INT_CONVERSION = YES;
				CLANG_WARN_NON_LITERAL_NULL_CONVERSION = YES;
				CLANG_WARN_OBJC_IMPLICIT_RETAIN_SELF = YES;
				CLANG_WARN_OBJC_LITERAL_CONVERSION = YES;
				CLANG_WARN_OBJC_ROOT_CLASS = YES_ERROR;
				CLANG_WARN_RANGE_LOOP_ANALYSIS = YES;
				CLANG_WARN_STRICT_PROTOTYPES = YES;
				CLANG_WARN_SUSPICIOUS_MOVE = YES;
				CLANG_WARN_UNGUARDED_AVAILABILITY = YES_AGGRESSIVE;
				CLANG_WARN_UNREACHABLE_CODE = YES;
				CLANG_WARN__DUPLICATE_METHOD_MATCH = YES;
				COPY_PHASE_STRIP = NO;
				DEBUG_INFORMATION_FORMAT = dwarf;
				ENABLE_STRICT_OBJC_MSGSEND = YES;
				ENABLE_TESTABILITY = YES;
				GCC_C_LANGUAGE_STANDARD = gnu11;
				GCC_DYNAMIC_NO_PIC = NO;
				GCC_NO_COMMON_BLOCKS = YES;
				GCC_OPTIMIZATION_LEVEL = 0;
				GCC_PREPROCESSOR_DEFINITIONS = (
					"DEBUG=1",
					"$(inherited)",
				);
				GCC_WARN_64_TO_32_BIT_CONVERSION = YES;
				GCC_WARN_ABOUT_RETURN_TYPE = YES_ERROR;
				GCC_WARN_UNDECLARED_SELECTOR = YES;
				GCC_WARN_UNINITIALIZED_AUTOS = YES_AGGRESSIVE;
				GCC_WARN_UNUSED_FUNCTION = YES;
				GCC_WARN_UNUSED_VARIABLE = YES;
				IPHONEOS_DEPLOYMENT_TARGET = 13.4;
				MTL_ENABLE_DEBUG_INFO = INCLUDE_SOURCE;
				MTL_FAST_MATH = YES;
				ONLY_ACTIVE_ARCH = YES;
				SDKROOT = iphoneos;
			};
			name = Debug;
		};
		6A7384F924D2009E00754F01 /* Release */ = {
			isa = XCBuildConfiguration;
			buildSettings = {
				ALWAYS_SEARCH_USER_PATHS = NO;
				CLANG_ANALYZER_NONNULL = YES;
				CLANG_ANALYZER_NUMBER_OBJECT_CONVERSION = YES_AGGRESSIVE;
				CLANG_CXX_LANGUAGE_STANDARD = "gnu++14";
				CLANG_CXX_LIBRARY = "libc++";
				CLANG_ENABLE_MODULES = YES;
				CLANG_ENABLE_OBJC_ARC = YES;
				CLANG_ENABLE_OBJC_WEAK = YES;
				CLANG_WARN_BLOCK_CAPTURE_AUTORELEASING = YES;
				CLANG_WARN_BOOL_CONVERSION = YES;
				CLANG_WARN_COMMA = YES;
				CLANG_WARN_CONSTANT_CONVERSION = YES;
				CLANG_WARN_DEPRECATED_OBJC_IMPLEMENTATIONS = YES;
				CLANG_WARN_DIRECT_OBJC_ISA_USAGE = YES_ERROR;
				CLANG_WARN_DOCUMENTATION_COMMENTS = YES;
				CLANG_WARN_EMPTY_BODY = YES;
				CLANG_WARN_ENUM_CONVERSION = YES;
				CLANG_WARN_INFINITE_RECURSION = YES;
				CLANG_WARN_INT_CONVERSION = YES;
				CLANG_WARN_NON_LITERAL_NULL_CONVERSION = YES;
				CLANG_WARN_OBJC_IMPLICIT_RETAIN_SELF = YES;
				CLANG_WARN_OBJC_LITERAL_CONVERSION = YES;
				CLANG_WARN_OBJC_ROOT_CLASS = YES_ERROR;
				CLANG_WARN_RANGE_LOOP_ANALYSIS = YES;
				CLANG_WARN_STRICT_PROTOTYPES = YES;
				CLANG_WARN_SUSPICIOUS_MOVE = YES;
				CLANG_WARN_UNGUARDED_AVAILABILITY = YES_AGGRESSIVE;
				CLANG_WARN_UNREACHABLE_CODE = YES;
				CLANG_WARN__DUPLICATE_METHOD_MATCH = YES;
				COPY_PHASE_STRIP = NO;
				DEBUG_INFORMATION_FORMAT = "dwarf-with-dsym";
				ENABLE_NS_ASSERTIONS = NO;
				ENABLE_STRICT_OBJC_MSGSEND = YES;
				GCC_C_LANGUAGE_STANDARD = gnu11;
				GCC_NO_COMMON_BLOCKS = YES;
				GCC_WARN_64_TO_32_BIT_CONVERSION = YES;
				GCC_WARN_ABOUT_RETURN_TYPE = YES_ERROR;
				GCC_WARN_UNDECLARED_SELECTOR = YES;
				GCC_WARN_UNINITIALIZED_AUTOS = YES_AGGRESSIVE;
				GCC_WARN_UNUSED_FUNCTION = YES;
				GCC_WARN_UNUSED_VARIABLE = YES;
				IPHONEOS_DEPLOYMENT_TARGET = 13.4;
				MTL_ENABLE_DEBUG_INFO = NO;
				MTL_FAST_MATH = YES;
				SDKROOT = iphoneos;
				VALIDATE_PRODUCT = YES;
			};
			name = Release;
		};
		6A7384FB24D2009E00754F01 /* Debug */ = {
			isa = XCBuildConfiguration;
			buildSettings = {
				ASSETCATALOG_COMPILER_APPICON_NAME = AppIcon;
				CODE_SIGN_STYLE = Automatic;
				DEVELOPMENT_TEAM = VHNQM2U5QT;
				INFOPLIST_FILE = HolaIphone/Info.plist;
				LD_RUNPATH_SEARCH_PATHS = (
					"$(inherited)",
					"@executable_path/Frameworks",
				);
				PRODUCT_BUNDLE_IDENTIFIER = com.sgarciaanato.HolaIphone;
				PRODUCT_NAME = "$(TARGET_NAME)";
				TARGETED_DEVICE_FAMILY = "1,2";
			};
			name = Debug;
		};
		6A7384FC24D2009E00754F01 /* Release */ = {
			isa = XCBuildConfiguration;
			buildSettings = {
				ASSETCATALOG_COMPILER_APPICON_NAME = AppIcon;
				CODE_SIGN_STYLE = Automatic;
				DEVELOPMENT_TEAM = VHNQM2U5QT;
				INFOPLIST_FILE = HolaIphone/Info.plist;
				LD_RUNPATH_SEARCH_PATHS = (
					"$(inherited)",
					"@executable_path/Frameworks",
				);
				PRODUCT_BUNDLE_IDENTIFIER = com.sgarciaanato.HolaIphone;
				PRODUCT_NAME = "$(TARGET_NAME)";
				TARGETED_DEVICE_FAMILY = "1,2";
			};
			name = Release;
		};
/* End XCBuildConfiguration section */

/* Begin XCConfigurationList section */
		6A7384DC24D2009C00754F01 /* Build configuration list for PBXProject "HolaIphone" */ = {
			isa = XCConfigurationList;
			buildConfigurations = (
				6A7384F824D2009E00754F01 /* Debug */,
				6A7384F924D2009E00754F01 /* Release */,
			);
			defaultConfigurationIsVisible = 0;
			defaultConfigurationName = Release;
		};
		6A7384FA24D2009E00754F01 /* Build configuration list for PBXNativeTarget "HolaIphone" */ = {
			isa = XCConfigurationList;
			buildConfigurations = (
				6A7384FB24D2009E00754F01 /* Debug */,
				6A7384FC24D2009E00754F01 /* Release */,
			);
			defaultConfigurationIsVisible = 0;
			defaultConfigurationName = Release;
		};
/* End XCConfigurationList section */
	};
	rootObject = 6A7384D924D2009C00754F01 /* Project object */;
}
